
Microsoft Visual Studio Solution File, Format Version 12.00
# Visual Studio Version 17
VisualStudioVersion = 17.5.33530.505
MinimumVisualStudioVersion = 10.0.40219.1
Project("{FAE04EC0-301F-11D3-BF4B-00C04F79EFBC}") = "UsoAdaptadores", "UsoAdaptadores\UsoAdaptadores.csproj", "{1179246E-0AF6-471A-A2E4-37A80E492E23}"
EndProject
Project("{FAE04EC0-301F-11D3-BF4B-00C04F79EFBC}") = "BinaryAdapters", "BinaryAdapters\BinaryAdapters.csproj", "{EF5E9CDC-B626-4ECE-B885-E34B28B39173}"
EndProject
Global
	GlobalSection(SolutionConfigurationPlatforms) = preSolution
		Debug|Any CPU = Debug|Any CPU
		Release|Any CPU = Release|Any CPU
	EndGlobalSection
	GlobalSection(ProjectConfigurationPlatforms) = postSolution
		{1179246E-0AF6-471A-A2E4-37A80E492E23}.Debug|Any CPU.ActiveCfg = Debug|Any CPU
		{1179246E-0AF6-471A-A2E4-37A80E492E23}.Debug|Any CPU.Build.0 = Debug|Any CPU
		{1179246E-0AF6-471A-A2E4-37A80E492E23}.Release|Any CPU.ActiveCfg = Release|Any CPU
		{1179246E-0AF6-471A-A2E4-37A80E492E23}.Release|Any CPU.Build.0 = Release|Any CPU
		{EF5E9CDC-B626-4ECE-B885-E34B28B39173}.Debug|Any CPU.ActiveCfg = Debug|Any CPU
		{EF5E9CDC-B626-4ECE-B885-E34B28B39173}.Debug|Any CPU.Build.0 = Debug|Any CPU
		{EF5E9CDC-B626-4ECE-B885-E34B28B39173}.Release|Any CPU.ActiveCfg = Release|Any CPU
		{EF5E9CDC-B626-4ECE-B885-E34B28B39173}.Release|Any CPU.Build.0 = Release|Any CPU
	EndGlobalSection
	GlobalSection(SolutionProperties) = preSolution
		HideSolutionNode = FALSE
	EndGlobalSection
	GlobalSection(ExtensibilityGlobals) = postSolution
		SolutionGuid = {2127C27C-591B-471D-8F2C-7C398E601727}
	EndGlobalSection
EndGlobal
